
Microsoft Visual Studio Solution File, Format Version 12.00
# Visual Studio Version 16
VisualStudioVersion = 16.0.30523.141
MinimumVisualStudioVersion = 10.0.40219.1
Project("{FAE04EC0-301F-11D3-BF4B-00C04F79EFBC}") = "Rectangulos", "Rectangulos\Rectangulos.csproj", "{99D4C011-6949-4806-A4BE-B25926CBC824}"
EndProject
Global
	GlobalSection(SolutionConfigurationPlatforms) = preSolution
		Debug|Any CPU = Debug|Any CPU
		Release|Any CPU = Release|Any CPU
	EndGlobalSection
	GlobalSection(ProjectConfigurationPlatforms) = postSolution
		{99D4C011-6949-4806-A4BE-B25926CBC824}.Debug|Any CPU.ActiveCfg = Debug|Any CPU
		{99D4C011-6949-4806-A4BE-B25926CBC824}.Debug|Any CPU.Build.0 = Debug|Any CPU
		{99D4C011-6949-4806-A4BE-B25926CBC824}.Release|Any CPU.ActiveCfg = Release|Any CPU
		{99D4C011-6949-4806-A4BE-B25926CBC824}.Release|Any CPU.Build.0 = Release|Any CPU
	EndGlobalSection
	GlobalSection(SolutionProperties) = preSolution
		HideSolutionNode = FALSE
	EndGlobalSection
	GlobalSection(ExtensibilityGlobals) = postSolution
		SolutionGuid = {7CE2459E-F214-43F6-831E-40024FE17D63}
	EndGlobalSection
EndGlobal
