
Microsoft Visual Studio Solution File, Format Version 12.00
# Visual Studio Version 16
VisualStudioVersion = 16.0.30523.141
MinimumVisualStudioVersion = 10.0.40219.1
Project("{FAE04EC0-301F-11D3-BF4B-00C04F79EFBC}") = "AplicacionCompra", "AplicacionCompra\AplicacionCompra.csproj", "{E2A5E1B9-68CA-4CAB-BAED-BB5D868BA460}"
EndProject
Global
	GlobalSection(SolutionConfigurationPlatforms) = preSolution
		Debug|Any CPU = Debug|Any CPU
		Release|Any CPU = Release|Any CPU
	EndGlobalSection
	GlobalSection(ProjectConfigurationPlatforms) = postSolution
		{E2A5E1B9-68CA-4CAB-BAED-BB5D868BA460}.Debug|Any CPU.ActiveCfg = Debug|Any CPU
		{E2A5E1B9-68CA-4CAB-BAED-BB5D868BA460}.Debug|Any CPU.Build.0 = Debug|Any CPU
		{E2A5E1B9-68CA-4CAB-BAED-BB5D868BA460}.Release|Any CPU.ActiveCfg = Release|Any CPU
		{E2A5E1B9-68CA-4CAB-BAED-BB5D868BA460}.Release|Any CPU.Build.0 = Release|Any CPU
	EndGlobalSection
	GlobalSection(SolutionProperties) = preSolution
		HideSolutionNode = FALSE
	EndGlobalSection
	GlobalSection(ExtensibilityGlobals) = postSolution
		SolutionGuid = {A45230A0-54EB-4A36-B4C8-88FF479EDBE2}
	EndGlobalSection
EndGlobal
