
Microsoft Visual Studio Solution File, Format Version 12.00
# Visual Studio Version 16
VisualStudioVersion = 16.0.30523.141
MinimumVisualStudioVersion = 10.0.40219.1
Project("{FAE04EC0-301F-11D3-BF4B-00C04F79EFBC}") = "Banco", "Banco\Banco.csproj", "{6218A862-5BD5-41E3-B2C2-3F55DDB44752}"
EndProject
Global
	GlobalSection(SolutionConfigurationPlatforms) = preSolution
		Debug|Any CPU = Debug|Any CPU
		Release|Any CPU = Release|Any CPU
	EndGlobalSection
	GlobalSection(ProjectConfigurationPlatforms) = postSolution
		{6218A862-5BD5-41E3-B2C2-3F55DDB44752}.Debug|Any CPU.ActiveCfg = Debug|Any CPU
		{6218A862-5BD5-41E3-B2C2-3F55DDB44752}.Debug|Any CPU.Build.0 = Debug|Any CPU
		{6218A862-5BD5-41E3-B2C2-3F55DDB44752}.Release|Any CPU.ActiveCfg = Release|Any CPU
		{6218A862-5BD5-41E3-B2C2-3F55DDB44752}.Release|Any CPU.Build.0 = Release|Any CPU
	EndGlobalSection
	GlobalSection(SolutionProperties) = preSolution
		HideSolutionNode = FALSE
	EndGlobalSection
	GlobalSection(ExtensibilityGlobals) = postSolution
		SolutionGuid = {0E3B79F5-06CE-4A55-9D3F-06AA3BF8171C}
	EndGlobalSection
EndGlobal
