
Microsoft Visual Studio Solution File, Format Version 12.00
# Visual Studio Version 16
VisualStudioVersion = 16.0.30523.141
MinimumVisualStudioVersion = 10.0.40219.1
Project("{FAE04EC0-301F-11D3-BF4B-00C04F79EFBC}") = "ProyectoSuperficies", "ProyectoSuperficies\ProyectoSuperficies.csproj", "{2D99A27C-7426-4C50-BA78-1B2B23FA6D76}"
EndProject
Global
	GlobalSection(SolutionConfigurationPlatforms) = preSolution
		Debug|Any CPU = Debug|Any CPU
		Release|Any CPU = Release|Any CPU
	EndGlobalSection
	GlobalSection(ProjectConfigurationPlatforms) = postSolution
		{2D99A27C-7426-4C50-BA78-1B2B23FA6D76}.Debug|Any CPU.ActiveCfg = Debug|Any CPU
		{2D99A27C-7426-4C50-BA78-1B2B23FA6D76}.Debug|Any CPU.Build.0 = Debug|Any CPU
		{2D99A27C-7426-4C50-BA78-1B2B23FA6D76}.Release|Any CPU.ActiveCfg = Release|Any CPU
		{2D99A27C-7426-4C50-BA78-1B2B23FA6D76}.Release|Any CPU.Build.0 = Release|Any CPU
	EndGlobalSection
	GlobalSection(SolutionProperties) = preSolution
		HideSolutionNode = FALSE
	EndGlobalSection
	GlobalSection(ExtensibilityGlobals) = postSolution
		SolutionGuid = {3FA8A188-EBAF-4A04-91BB-2F9E8F1AE720}
	EndGlobalSection
EndGlobal
